
Microsoft Visual Studio Solution File, Format Version 12.00
# Visual Studio Version 16
VisualStudioVersion = 16.0.31729.503
MinimumVisualStudioVersion = 10.0.40219.1
Project("{FAE04EC0-301F-11D3-BF4B-00C04F79EFBC}") = "FurnitureWebStore.Web", "FurnitureWebStore.Web\FurnitureWebStore.Web.csproj", "{7340AEAA-F7E6-4272-8027-5A9170682F12}"
EndProject
Project("{FAE04EC0-301F-11D3-BF4B-00C04F79EFBC}") = "FurnitureWebStore.Services", "FurnitureWebStore.Services\FurnitureWebStore.Services.csproj", "{E75BD14B-2371-44E3-B867-AD3F0DD526CF}"
EndProject
Project("{FAE04EC0-301F-11D3-BF4B-00C04F79EFBC}") = "FurnitureWebStore.DataAccess", "FurnitureWebStore.DataAccess\FurnitureWebStore.DataAccess.csproj", "{2493AE29-936E-4E5C-A438-53670B74D368}"
EndProject
Project("{FAE04EC0-301F-11D3-BF4B-00C04F79EFBC}") = "FurnitureWebStore.Models", "FurnitureWebStore.Models\FurnitureWebStore.Models.csproj", "{4E999BD2-BF01-4047-A8A5-8BCAC787547A}"
EndProject
Global
	GlobalSection(SolutionConfigurationPlatforms) = preSolution
		Debug|Any CPU = Debug|Any CPU
		Release|Any CPU = Release|Any CPU
	EndGlobalSection
	GlobalSection(ProjectConfigurationPlatforms) = postSolution
		{7340AEAA-F7E6-4272-8027-5A9170682F12}.Debug|Any CPU.ActiveCfg = Debug|Any CPU
		{7340AEAA-F7E6-4272-8027-5A9170682F12}.Debug|Any CPU.Build.0 = Debug|Any CPU
		{7340AEAA-F7E6-4272-8027-5A9170682F12}.Release|Any CPU.ActiveCfg = Release|Any CPU
		{7340AEAA-F7E6-4272-8027-5A9170682F12}.Release|Any CPU.Build.0 = Release|Any CPU
		{E75BD14B-2371-44E3-B867-AD3F0DD526CF}.Debug|Any CPU.ActiveCfg = Debug|Any CPU
		{E75BD14B-2371-44E3-B867-AD3F0DD526CF}.Debug|Any CPU.Build.0 = Debug|Any CPU
		{E75BD14B-2371-44E3-B867-AD3F0DD526CF}.Release|Any CPU.ActiveCfg = Release|Any CPU
		{E75BD14B-2371-44E3-B867-AD3F0DD526CF}.Release|Any CPU.Build.0 = Release|Any CPU
		{2493AE29-936E-4E5C-A438-53670B74D368}.Debug|Any CPU.ActiveCfg = Debug|Any CPU
		{2493AE29-936E-4E5C-A438-53670B74D368}.Debug|Any CPU.Build.0 = Debug|Any CPU
		{2493AE29-936E-4E5C-A438-53670B74D368}.Release|Any CPU.ActiveCfg = Release|Any CPU
		{2493AE29-936E-4E5C-A438-53670B74D368}.Release|Any CPU.Build.0 = Release|Any CPU
		{4E999BD2-BF01-4047-A8A5-8BCAC787547A}.Debug|Any CPU.ActiveCfg = Debug|Any CPU
		{4E999BD2-BF01-4047-A8A5-8BCAC787547A}.Debug|Any CPU.Build.0 = Debug|Any CPU
		{4E999BD2-BF01-4047-A8A5-8BCAC787547A}.Release|Any CPU.ActiveCfg = Release|Any CPU
		{4E999BD2-BF01-4047-A8A5-8BCAC787547A}.Release|Any CPU.Build.0 = Release|Any CPU
	EndGlobalSection
	GlobalSection(SolutionProperties) = preSolution
		HideSolutionNode = FALSE
	EndGlobalSection
	GlobalSection(ExtensibilityGlobals) = postSolution
		SolutionGuid = {93ECBD82-0945-44C0-83B5-B1B6358109F1}
	EndGlobalSection
EndGlobal
